// !$*UTF8*$!
{
	archiveVersion = 1;
	classes = {
	};
	objectVersion = 46;
	objects = {

/* Begin PBXBuildFile section */
		8E7CE1921C3B9CC100B8177F /* AppDelegate.swift in Sources */ = {isa = PBXBuildFile; fileRef = 8E7CE1911C3B9CC100B8177F /* AppDelegate.swift */; };
		8E7CE1941C3B9CC100B8177F /* ViewController.swift in Sources */ = {isa = PBXBuildFile; fileRef = 8E7CE1931C3B9CC100B8177F /* ViewController.swift */; };
		8E7CE1971C3B9CC100B8177F /* Main.storyboard in Resources */ = {isa = PBXBuildFile; fileRef = 8E7CE1951C3B9CC100B8177F /* Main.storyboard */; };
		8E7CE1991C3B9CC100B8177F /* Assets.xcassets in Resources */ = {isa = PBXBuildFile; fileRef = 8E7CE1981C3B9CC100B8177F /* Assets.xcassets */; };
		8E7CE19C1C3B9CC100B8177F /* LaunchScreen.storyboard in Resources */ = {isa = PBXBuildFile; fileRef = 8E7CE19A1C3B9CC100B8177F /* LaunchScreen.storyboard */; };
/* End PBXBuildFile section */

/* Begin PBXFileReference section */
		8E7CE18E1C3B9CC100B8177F /* TestMask.app */ = {isa = PBXFileReference; explicitFileType = wrapper.application; includeInIndex = 0; path = TestMask.app; sourceTree = BUILT_PRODUCTS_DIR; };
		8E7CE1911C3B9CC100B8177F /* AppDelegate.swift */ = {isa = PBXFileReference; lastKnownFileType = sourcecode.swift; path = AppDelegate.swift; sourceTree = "<group>"; };
		8E7CE1931C3B9CC100B8177F /* ViewController.swift */ = {isa = PBXFileReference; lastKnownFileType = sourcecode.swift; path = ViewController.swift; sourceTree = "<group>"; };
		8E7CE1961C3B9CC100B8177F /* Base */ = {isa = PBXFileReference; lastKnownFileType = file.storyboard; name = Base; path = Base.lproj/Main.storyboard; sourceTree = "<group>"; };
		8E7CE1981C3B9CC100B8177F /* Assets.xcassets */ = {isa = PBXFileReference; lastKnownFileType = folder.assetcatalog; path = Assets.xcassets; sourceTree = "<group>"; };
		8E7CE19B1C3B9CC100B8177F /* Base */ = {isa = PBXFileReference; lastKnownFileType = file.storyboard; name = Base; path = Base.lproj/LaunchScreen.storyboard; sourceTree = "<group>"; };
		8E7CE19D1C3B9CC100B8177F /* Info.plist */ = {isa = PBXFileReference; lastKnownFileType = text.plist.xml; path = Info.plist; sourceTree = "<group>"; };
/* End PBXFileReference section */

/* Begin PBXFrameworksBuildPhase section */
		8E7CE18B1C3B9CC100B8177F /* Frameworks */ = {
			isa = PBXFrameworksBuildPhase;
			buildActionMask = 2147483647;
			files = (
			);
			runOnlyForDeploymentPostprocessing = 0;
		};
/* End PBXFrameworksBuildPhase section */

/* Begin PBXGroup section */
		8E7CE1851C3B9CC100B8177F = {
			isa = PBXGroup;
			children = (
				8E7CE1901C3B9CC100B8177F /* TestMask */,
				8E7CE18F1C3B9CC100B8177F /* Products */,
			);
			sourceTree = "<group>";
		};
		8E7CE18F1C3B9CC100B8177F /* Products */ = {
			isa = PBXGroup;
			children = (
				8E7CE18E1C3B9CC100B8177F /* TestMask.app */,
			);
			name = Products;
			sourceTree = "<group>";
		};
		8E7CE1901C3B9CC100B8177F /* TestMask */ = {
			isa = PBXGroup;
			children = (
				8E7CE1911C3B9CC100B8177F /* AppDelegate.swift */,
				8E7CE1931C3B9CC100B8177F /* ViewController.swift */,
				8E7CE1951C3B9CC100B8177F /* Main.storyboard */,
				8E7CE1981C3B9CC100B8177F /* Assets.xcassets */,
				8E7CE19A1C3B9CC100B8177F /* LaunchScreen.storyboard */,
				8E7CE19D1C3B9CC100B8177F /* Info.plist */,
			);
			path = TestMask;
			sourceTree = "<group>";
		};
/* End PBXGroup section */

/* Begin PBXNativeTarget section */
		8E7CE18D1C3B9CC100B8177F /* TestMask */ = {
			isa = PBXNativeTarget;
			buildConfigurationList = 8E7CE1A01C3B9CC100B8177F /* Build configuration list for PBXNativeTarget "TestMask" */;
			buildPhases = (
				8E7CE18A1C3B9CC100B8177F /* Sources */,
				8E7CE18B1C3B9CC100B8177F /* Frameworks */,
				8E7CE18C1C3B9CC100B8177F /* Resources */,
			);
			buildRules = (
			);
			dependencies = (
			);
			name = TestMask;
			productName = TestMask;
			productReference = 8E7CE18E1C3B9CC100B8177F /* TestMask.app */;
			productType = "com.apple.product-type.application";
		};
/* End PBXNativeTarget section */

/* Begin PBXProject section */
		8E7CE1861C3B9CC100B8177F /* Project object */ = {
			isa = PBXProject;
			attributes = {
				LastSwiftUpdateCheck = 0720;
				LastUpgradeCheck = 0720;
				ORGANIZATIONNAME = Strikingly;
				TargetAttributes = {
					8E7CE18D1C3B9CC100B8177F = {
						CreatedOnToolsVersion = 7.2;
					};
				};
			};
			buildConfigurationList = 8E7CE1891C3B9CC100B8177F /* Build configuration list for PBXProject "TestMask" */;
			compatibilityVersion = "Xcode 3.2";
			developmentRegion = English;
			hasScannedForEncodings = 0;
			knownRegions = (
				en,
				Base,
			);
			mainGroup = 8E7CE1851C3B9CC100B8177F;
			productRefGroup = 8E7CE18F1C3B9CC100B8177F /* Products */;
			projectDirPath = "";
			projectRoot = "";
			targets = (
				8E7CE18D1C3B9CC100B8177F /* TestMask */,
			);
		};
/* End PBXProject section */

/* Begin PBXResourcesBuildPhase section */
		8E7CE18C1C3B9CC100B8177F /* Resources */ = {
			isa = PBXResourcesBuildPhase;
			buildActionMask = 2147483647;
			files = (
				8E7CE19C1C3B9CC100B8177F /* LaunchScreen.storyboard in Resources */,
				8E7CE1991C3B9CC100B8177F /* Assets.xcassets in Resources */,
				8E7CE1971C3B9CC100B8177F /* Main.storyboard in Resources */,
			);
			runOnlyForDeploymentPostprocessing = 0;
		};
/* End PBXResourcesBuildPhase section */

/* Begin PBXSourcesBuildPhase section */
		8E7CE18A1C3B9CC100B8177F /* Sources */ = {
			isa = PBXSourcesBuildPhase;
			buildActionMask = 2147483647;
			files = (
				8E7CE1941C3B9CC100B8177F /* ViewController.swift in Sources */,
				8E7CE1921C3B9CC100B8177F /* AppDelegate.swift in Sources */,
			);
			runOnlyForDeploymentPostprocessing = 0;
		};
/* End PBXSourcesBuildPhase section */

/* Begin PBXVariantGroup section */
		8E7CE1951C3B9CC100B8177F /* Main.storyboard */ = {
			isa = PBXVariantGroup;
			children = (
				8E7CE1961C3B9CC100B8177F /* Base */,
			);
			name = Main.storyboard;
			sourceTree = "<group>";
		};
		8E7CE19A1C3B9CC100B8177F /* LaunchScreen.storyboard */ = {
			isa = PBXVariantGroup;
			children = (
				8E7CE19B1C3B9CC100B8177F /* Base */,
			);
			name = LaunchScreen.storyboard;
			sourceTree = "<group>";
		};
/* End PBXVariantGroup section */

/* Begin XCBuildConfiguration section */
		8E7CE19E1C3B9CC100B8177F /* Debug */ = {
			isa = XCBuildConfiguration;
			buildSettings = {
				ALWAYS_SEARCH_USER_PATHS = NO;
				CLANG_CXX_LANGUAGE_STANDARD = "gnu++0x";
				CLANG_CXX_LIBRARY = "libc++";
				CLANG_ENABLE_MODULES = YES;
				CLANG_ENABLE_OBJC_ARC = YES;
				CLANG_WARN_BOOL_CONVERSION = YES;
				CLANG_WARN_CONSTANT_CONVERSION = YES;
				CLANG_WARN_DIRECT_OBJC_ISA_USAGE = YES_ERROR;
				CLANG_WARN_EMPTY_BODY = YES;
				CLANG_WARN_ENUM_CONVERSION = YES;
				CLANG_WARN_INT_CONVERSION = YES;
				CLANG_WARN_OBJC_ROOT_CLASS = YES_ERROR;
				CLANG_WARN_UNREACHABLE_CODE = YES;
				CLANG_WARN__DUPLICATE_METHOD_MATCH = YES;
				"CODE_SIGN_IDENTITY[sdk=iphoneos*]" = "iPhone Developer";
				COPY_PHASE_STRIP = NO;
				DEBUG_INFORMATION_FORMAT = dwarf;
				ENABLE_STRICT_OBJC_MSGSEND = YES;
				ENABLE_TESTABILITY = YES;
				GCC_C_LANGUAGE_STANDARD = gnu99;
				GCC_DYNAMIC_NO_PIC = NO;
				GCC_NO_COMMON_BLOCKS = YES;
				GCC_OPTIMIZATION_LEVEL = 0;
				GCC_PREPROCESSOR_DEFINITIONS = (
					"DEBUG=1",
					"$(inherited)",
				);
				GCC_WARN_64_TO_32_BIT_CONVERSION = YES;
				GCC_WARN_ABOUT_RETURN_TYPE = YES_ERROR;
				GCC_WARN_UNDECLARED_SELECTOR = YES;
				GCC_WARN_UNINITIALIZED_AUTOS = YES_AGGRESSIVE;
				GCC_WARN_UNUSED_FUNCTION = YES;
				GCC_WARN_UNUSED_VARIABLE = YES;
				IPHONEOS_DEPLOYMENT_TARGET = 9.2;
				MTL_ENABLE_DEBUG_INFO = YES;
				ONLY_ACTIVE_ARCH = YES;
				SDKROOT = iphoneos;
				SWIFT_OPTIMIZATION_LEVEL = "-Onone";
			};
			name = Debug;
		};
		8E7CE19F1C3B9CC100B8177F /* Release */ = {
			isa = XCBuildConfiguration;
			buildSettings = {
				ALWAYS_SEARCH_USER_PATHS = NO;
				CLANG_CXX_LANGUAGE_STANDARD = "gnu++0x";
				CLANG_CXX_LIBRARY = "libc++";
				CLANG_ENABLE_MODULES = YES;
				CLANG_ENABLE_OBJC_ARC = YES;
				CLANG_WARN_BOOL_CONVERSION = YES;
				CLANG_WARN_CONSTANT_CONVERSION = YES;
				CLANG_WARN_DIRECT_OBJC_ISA_USAGE = YES_ERROR;
				CLANG_WARN_EMPTY_BODY = YES;
				CLANG_WARN_ENUM_CONVERSION = YES;
				CLANG_WARN_INT_CONVERSION = YES;
				CLANG_WARN_OBJC_ROOT_CLASS = YES_ERROR;
				CLANG_WARN_UNREACHABLE_CODE = YES;
				CLANG_WARN__DUPLICATE_METHOD_MATCH = YES;
				"CODE_SIGN_IDENTITY[sdk=iphoneos*]" = "iPhone Developer";
				COPY_PHASE_STRIP = NO;
				DEBUG_INFORMATION_FORMAT = "dwarf-with-dsym";
				ENABLE_NS_ASSERTIONS = NO;
				ENABLE_STRICT_OBJC_MSGSEND = YES;
				GCC_C_LANGUAGE_STANDARD = gnu99;
				GCC_NO_COMMON_BLOCKS = YES;
				GCC_WARN_64_TO_32_BIT_CONVERSION = YES;
				GCC_WARN_ABOUT_RETURN_TYPE = YES_ERROR;
				GCC_WARN_UNDECLARED_SELECTOR = YES;
				GCC_WARN_UNINITIALIZED_AUTOS = YES_AGGRESSIVE;
				GCC_WARN_UNUSED_FUNCTION = YES;
				GCC_WARN_UNUSED_VARIABLE = YES;
				IPHONEOS_DEPLOYMENT_TARGET = 9.2;
				MTL_ENABLE_DEBUG_INFO = NO;
				SDKROOT = iphoneos;
				VALIDATE_PRODUCT = YES;
			};
			name = Release;
		};
		8E7CE1A11C3B9CC100B8177F /* Debug */ = {
			isa = XCBuildConfiguration;
			buildSettings = {
				ASSETCATALOG_COMPILER_APPICON_NAME = AppIcon;
				INFOPLIST_FILE = TestMask/Info.plist;
				LD_RUNPATH_SEARCH_PATHS = "$(inherited) @executable_path/Frameworks";
				PRODUCT_BUNDLE_IDENTIFIER = com.strikingly.ios.TestMask;
				PRODUCT_NAME = "$(TARGET_NAME)";
			};
			name = Debug;
		};
		8E7CE1A21C3B9CC100B8177F /* Release */ = {
			isa = XCBuildConfiguration;
			buildSettings = {
				ASSETCATALOG_COMPILER_APPICON_NAME = AppIcon;
				INFOPLIST_FILE = TestMask/Info.plist;
				LD_RUNPATH_SEARCH_PATHS = "$(inherited) @executable_path/Frameworks";
				PRODUCT_BUNDLE_IDENTIFIER = com.strikingly.ios.TestMask;
				PRODUCT_NAME = "$(TARGET_NAME)";
			};
			name = Release;
		};
/* End XCBuildConfiguration section */

/* Begin XCConfigurationList section */
		8E7CE1891C3B9CC100B8177F /* Build configuration list for PBXProject "TestMask" */ = {
			isa = XCConfigurationList;
			buildConfigurations = (
				8E7CE19E1C3B9CC100B8177F /* Debug */,
				8E7CE19F1C3B9CC100B8177F /* Release */,
			);
			defaultConfigurationIsVisible = 0;
			defaultConfigurationName = Release;
		};
		8E7CE1A01C3B9CC100B8177F /* Build configuration list for PBXNativeTarget "TestMask" */ = {
			isa = XCConfigurationList;
			buildConfigurations = (
				8E7CE1A11C3B9CC100B8177F /* Debug */,
				8E7CE1A21C3B9CC100B8177F /* Release */,
			);
			defaultConfigurationIsVisible = 0;
		};
/* End XCConfigurationList section */
	};
	rootObject = 8E7CE1861C3B9CC100B8177F /* Project object */;
}
